
Microsoft Visual Studio Solution File, Format Version 12.00
# Visual Studio Version 16
VisualStudioVersion = 16.0.29009.5
MinimumVisualStudioVersion = 10.0.40219.1
Project("{9A19103F-16F7-4668-BE54-9A1E7A4F7556}") = "SimpleGameLoop", "SimpleGameLoop\SimpleGameLoop.csproj", "{0B73EF4E-2924-48F1-A3D8-C12D9D61FC44}"
EndProject
Global
	GlobalSection(SolutionConfigurationPlatforms) = preSolution
		Debug|Any CPU = Debug|Any CPU
		Release|Any CPU = Release|Any CPU
	EndGlobalSection
	GlobalSection(ProjectConfigurationPlatforms) = postSolution
		{0B73EF4E-2924-48F1-A3D8-C12D9D61FC44}.Debug|Any CPU.ActiveCfg = Debug|Any CPU
		{0B73EF4E-2924-48F1-A3D8-C12D9D61FC44}.Debug|Any CPU.Build.0 = Debug|Any CPU
		{0B73EF4E-2924-48F1-A3D8-C12D9D61FC44}.Release|Any CPU.ActiveCfg = Release|Any CPU
		{0B73EF4E-2924-48F1-A3D8-C12D9D61FC44}.Release|Any CPU.Build.0 = Release|Any CPU
	EndGlobalSection
	GlobalSection(SolutionProperties) = preSolution
		HideSolutionNode = FALSE
	EndGlobalSection
	GlobalSection(ExtensibilityGlobals) = postSolution
		SolutionGuid = {C035C08B-B0A8-46CE-A293-71E10FB3BC8D}
	EndGlobalSection
EndGlobal
